
Microsoft Visual Studio Solution File, Format Version 12.00
# Visual Studio Version 16
VisualStudioVersion = 16.0.31313.79
MinimumVisualStudioVersion = 10.0.40219.1
Project("{FAE04EC0-301F-11D3-BF4B-00C04F79EFBC}") = "KillerScreen", "KillerScreen\KillerScreen.csproj", "{64D77D86-920E-4CC5-BFD1-2B99B8A81B10}"
EndProject
Global
	GlobalSection(SolutionConfigurationPlatforms) = preSolution
		Debug|Any CPU = Debug|Any CPU
		Release|Any CPU = Release|Any CPU
	EndGlobalSection
	GlobalSection(ProjectConfigurationPlatforms) = postSolution
		{64D77D86-920E-4CC5-BFD1-2B99B8A81B10}.Debug|Any CPU.ActiveCfg = Debug|Any CPU
		{64D77D86-920E-4CC5-BFD1-2B99B8A81B10}.Debug|Any CPU.Build.0 = Debug|Any CPU
		{64D77D86-920E-4CC5-BFD1-2B99B8A81B10}.Release|Any CPU.ActiveCfg = Release|Any CPU
		{64D77D86-920E-4CC5-BFD1-2B99B8A81B10}.Release|Any CPU.Build.0 = Release|Any CPU
	EndGlobalSection
	GlobalSection(SolutionProperties) = preSolution
		HideSolutionNode = FALSE
	EndGlobalSection
	GlobalSection(ExtensibilityGlobals) = postSolution
		SolutionGuid = {3558EB52-7207-47A1-B630-5628B16C42A4}
	EndGlobalSection
EndGlobal
